
Microsoft Visual Studio Solution File, Format Version 12.00
# Visual Studio Version 16
VisualStudioVersion = 16.0.30011.22
MinimumVisualStudioVersion = 10.0.40219.1
Project("{9A19103F-16F7-4668-BE54-9A1E7A4F7556}") = "ECS", "ECS\ECS.csproj", "{E9AFB4DF-29EE-4706-9232-B486FC691242}"
EndProject
Project("{9A19103F-16F7-4668-BE54-9A1E7A4F7556}") = "Matchmaker", "Matchmaker\Matchmaker.csproj", "{AB3018A0-B222-4AA8-9B12-1271916BB99B}"
EndProject
Project("{9A19103F-16F7-4668-BE54-9A1E7A4F7556}") = "Matches", "Matches\Matches.csproj", "{939FB88D-A7E9-494B-AB69-73768C51D554}"
EndProject
Project("{2150E333-8FDC-42A3-9474-1A3956D46DE8}") = "src", "src", "{FF7B4B6E-108B-45BF-8A18-65BE7795C180}"
EndProject
Project("{2150E333-8FDC-42A3-9474-1A3956D46DE8}") = "Tests", "Tests", "{9BFD84DD-2E38-4755-9011-D0C05D4F7546}"
EndProject
Project("{9A19103F-16F7-4668-BE54-9A1E7A4F7556}") = "Network", "Network\Network.csproj", "{64FB6497-4648-4996-8C31-82B78448BFEA}"
EndProject
Project("{9A19103F-16F7-4668-BE54-9A1E7A4F7556}") = "GameLoops", "GameLoop\GameLoops.csproj", "{C8CF560C-8001-45F8-8611-E7CE4F643DAA}"
EndProject
Project("{2150E333-8FDC-42A3-9474-1A3956D46DE8}") = "Fakes", "Fakes", "{0E1F6D67-939B-4C00-AAF3-59E9D00D73C7}"
EndProject
Project("{9A19103F-16F7-4668-BE54-9A1E7A4F7556}") = "FakeListenSession", "FakeListenSession\FakeListenSession.csproj", "{63EFD534-A2F3-405D-87DB-A342EF654204}"
EndProject
Project("{9A19103F-16F7-4668-BE54-9A1E7A4F7556}") = "FakeClient", "FakeClient\FakeClient.csproj", "{2FCEEA32-95F7-4E8F-955C-C7A42E59C76B}"
EndProject
Project("{9A19103F-16F7-4668-BE54-9A1E7A4F7556}") = "Connectors", "MatchConnectors\Connectors.csproj", "{A34E58CE-F79D-46C2-A91A-A0DFC0D422C1}"
EndProject
Project("{9A19103F-16F7-4668-BE54-9A1E7A4F7556}") = "Models", "Models\Models.csproj", "{28BBF354-A16B-47BE-AFF8-928447C310E4}"
EndProject
Project("{9A19103F-16F7-4668-BE54-9A1E7A4F7556}") = "Context", "DBRepository\Context.csproj", "{5CEBBA9C-BB00-498C-9B31-742EDDA01482}"
EndProject
Project("{9A19103F-16F7-4668-BE54-9A1E7A4F7556}") = "Orderers", "Orderers\Orderers.csproj", "{DBBBF107-89A0-4E95-A334-650E234812F1}"
EndProject
Project("{9A19103F-16F7-4668-BE54-9A1E7A4F7556}") = "FakeMatchmakerConnection", "FakeMatchmakerConnection\FakeMatchmakerConnection.csproj", "{3A9FC04E-B299-493F-9F55-B96C470884EF}"
EndProject
Project("{9A19103F-16F7-4668-BE54-9A1E7A4F7556}") = "UnitTests", "UnitTests\UnitTests.csproj", "{B71D21B1-7E01-4163-AA3C-5993E9BAE0B6}"
EndProject
Project("{9A19103F-16F7-4668-BE54-9A1E7A4F7556}") = "IntegrationTests", "IntegrationTests\IntegrationTests.csproj", "{E0B996AF-4715-4054-9C54-34B90FEB427E}"
EndProject
Project("{FAE04EC0-301F-11D3-BF4B-00C04F79EFBC}") = "ECS.Serialization", "ECS.Serialization\ECS.Serialization.csproj", "{41436344-77A6-41BA-A927-1AFAE67CB8C9}"
EndProject
Global
	GlobalSection(SolutionConfigurationPlatforms) = preSolution
		Debug|Any CPU = Debug|Any CPU
		Release|Any CPU = Release|Any CPU
	EndGlobalSection
	GlobalSection(ProjectConfigurationPlatforms) = postSolution
		{E9AFB4DF-29EE-4706-9232-B486FC691242}.Debug|Any CPU.ActiveCfg = Debug|Any CPU
		{E9AFB4DF-29EE-4706-9232-B486FC691242}.Debug|Any CPU.Build.0 = Debug|Any CPU
		{E9AFB4DF-29EE-4706-9232-B486FC691242}.Release|Any CPU.ActiveCfg = Release|Any CPU
		{E9AFB4DF-29EE-4706-9232-B486FC691242}.Release|Any CPU.Build.0 = Release|Any CPU
		{AB3018A0-B222-4AA8-9B12-1271916BB99B}.Debug|Any CPU.ActiveCfg = Debug|Any CPU
		{AB3018A0-B222-4AA8-9B12-1271916BB99B}.Debug|Any CPU.Build.0 = Debug|Any CPU
		{AB3018A0-B222-4AA8-9B12-1271916BB99B}.Release|Any CPU.ActiveCfg = Release|Any CPU
		{AB3018A0-B222-4AA8-9B12-1271916BB99B}.Release|Any CPU.Build.0 = Release|Any CPU
		{939FB88D-A7E9-494B-AB69-73768C51D554}.Debug|Any CPU.ActiveCfg = Debug|Any CPU
		{939FB88D-A7E9-494B-AB69-73768C51D554}.Debug|Any CPU.Build.0 = Debug|Any CPU
		{939FB88D-A7E9-494B-AB69-73768C51D554}.Release|Any CPU.ActiveCfg = Release|Any CPU
		{939FB88D-A7E9-494B-AB69-73768C51D554}.Release|Any CPU.Build.0 = Release|Any CPU
		{64FB6497-4648-4996-8C31-82B78448BFEA}.Debug|Any CPU.ActiveCfg = Debug|Any CPU
		{64FB6497-4648-4996-8C31-82B78448BFEA}.Debug|Any CPU.Build.0 = Debug|Any CPU
		{64FB6497-4648-4996-8C31-82B78448BFEA}.Release|Any CPU.ActiveCfg = Release|Any CPU
		{64FB6497-4648-4996-8C31-82B78448BFEA}.Release|Any CPU.Build.0 = Release|Any CPU
		{C8CF560C-8001-45F8-8611-E7CE4F643DAA}.Debug|Any CPU.ActiveCfg = Debug|Any CPU
		{C8CF560C-8001-45F8-8611-E7CE4F643DAA}.Debug|Any CPU.Build.0 = Debug|Any CPU
		{C8CF560C-8001-45F8-8611-E7CE4F643DAA}.Release|Any CPU.ActiveCfg = Release|Any CPU
		{C8CF560C-8001-45F8-8611-E7CE4F643DAA}.Release|Any CPU.Build.0 = Release|Any CPU
		{63EFD534-A2F3-405D-87DB-A342EF654204}.Debug|Any CPU.ActiveCfg = Debug|Any CPU
		{63EFD534-A2F3-405D-87DB-A342EF654204}.Release|Any CPU.ActiveCfg = Release|Any CPU
		{63EFD534-A2F3-405D-87DB-A342EF654204}.Release|Any CPU.Build.0 = Release|Any CPU
		{2FCEEA32-95F7-4E8F-955C-C7A42E59C76B}.Debug|Any CPU.ActiveCfg = Debug|Any CPU
		{2FCEEA32-95F7-4E8F-955C-C7A42E59C76B}.Release|Any CPU.ActiveCfg = Release|Any CPU
		{2FCEEA32-95F7-4E8F-955C-C7A42E59C76B}.Release|Any CPU.Build.0 = Release|Any CPU
		{A34E58CE-F79D-46C2-A91A-A0DFC0D422C1}.Debug|Any CPU.ActiveCfg = Debug|Any CPU
		{A34E58CE-F79D-46C2-A91A-A0DFC0D422C1}.Debug|Any CPU.Build.0 = Debug|Any CPU
		{A34E58CE-F79D-46C2-A91A-A0DFC0D422C1}.Release|Any CPU.ActiveCfg = Release|Any CPU
		{A34E58CE-F79D-46C2-A91A-A0DFC0D422C1}.Release|Any CPU.Build.0 = Release|Any CPU
		{28BBF354-A16B-47BE-AFF8-928447C310E4}.Debug|Any CPU.ActiveCfg = Debug|Any CPU
		{28BBF354-A16B-47BE-AFF8-928447C310E4}.Debug|Any CPU.Build.0 = Debug|Any CPU
		{28BBF354-A16B-47BE-AFF8-928447C310E4}.Release|Any CPU.ActiveCfg = Release|Any CPU
		{28BBF354-A16B-47BE-AFF8-928447C310E4}.Release|Any CPU.Build.0 = Release|Any CPU
		{5CEBBA9C-BB00-498C-9B31-742EDDA01482}.Debug|Any CPU.ActiveCfg = Debug|Any CPU
		{5CEBBA9C-BB00-498C-9B31-742EDDA01482}.Debug|Any CPU.Build.0 = Debug|Any CPU
		{5CEBBA9C-BB00-498C-9B31-742EDDA01482}.Release|Any CPU.ActiveCfg = Release|Any CPU
		{5CEBBA9C-BB00-498C-9B31-742EDDA01482}.Release|Any CPU.Build.0 = Release|Any CPU
		{DBBBF107-89A0-4E95-A334-650E234812F1}.Debug|Any CPU.ActiveCfg = Debug|Any CPU
		{DBBBF107-89A0-4E95-A334-650E234812F1}.Debug|Any CPU.Build.0 = Debug|Any CPU
		{DBBBF107-89A0-4E95-A334-650E234812F1}.Release|Any CPU.ActiveCfg = Release|Any CPU
		{DBBBF107-89A0-4E95-A334-650E234812F1}.Release|Any CPU.Build.0 = Release|Any CPU
		{3A9FC04E-B299-493F-9F55-B96C470884EF}.Debug|Any CPU.ActiveCfg = Debug|Any CPU
		{3A9FC04E-B299-493F-9F55-B96C470884EF}.Release|Any CPU.ActiveCfg = Release|Any CPU
		{3A9FC04E-B299-493F-9F55-B96C470884EF}.Release|Any CPU.Build.0 = Release|Any CPU
		{B71D21B1-7E01-4163-AA3C-5993E9BAE0B6}.Debug|Any CPU.ActiveCfg = Debug|Any CPU
		{B71D21B1-7E01-4163-AA3C-5993E9BAE0B6}.Debug|Any CPU.Build.0 = Debug|Any CPU
		{B71D21B1-7E01-4163-AA3C-5993E9BAE0B6}.Release|Any CPU.ActiveCfg = Release|Any CPU
		{B71D21B1-7E01-4163-AA3C-5993E9BAE0B6}.Release|Any CPU.Build.0 = Release|Any CPU
		{E0B996AF-4715-4054-9C54-34B90FEB427E}.Debug|Any CPU.ActiveCfg = Debug|Any CPU
		{E0B996AF-4715-4054-9C54-34B90FEB427E}.Debug|Any CPU.Build.0 = Debug|Any CPU
		{E0B996AF-4715-4054-9C54-34B90FEB427E}.Release|Any CPU.ActiveCfg = Release|Any CPU
		{E0B996AF-4715-4054-9C54-34B90FEB427E}.Release|Any CPU.Build.0 = Release|Any CPU
		{41436344-77A6-41BA-A927-1AFAE67CB8C9}.Debug|Any CPU.ActiveCfg = Debug|Any CPU
		{41436344-77A6-41BA-A927-1AFAE67CB8C9}.Debug|Any CPU.Build.0 = Debug|Any CPU
		{41436344-77A6-41BA-A927-1AFAE67CB8C9}.Release|Any CPU.ActiveCfg = Release|Any CPU
		{41436344-77A6-41BA-A927-1AFAE67CB8C9}.Release|Any CPU.Build.0 = Release|Any CPU
	EndGlobalSection
	GlobalSection(SolutionProperties) = preSolution
		HideSolutionNode = FALSE
	EndGlobalSection
	GlobalSection(NestedProjects) = preSolution
		{E9AFB4DF-29EE-4706-9232-B486FC691242} = {FF7B4B6E-108B-45BF-8A18-65BE7795C180}
		{AB3018A0-B222-4AA8-9B12-1271916BB99B} = {FF7B4B6E-108B-45BF-8A18-65BE7795C180}
		{939FB88D-A7E9-494B-AB69-73768C51D554} = {FF7B4B6E-108B-45BF-8A18-65BE7795C180}
		{64FB6497-4648-4996-8C31-82B78448BFEA} = {FF7B4B6E-108B-45BF-8A18-65BE7795C180}
		{C8CF560C-8001-45F8-8611-E7CE4F643DAA} = {FF7B4B6E-108B-45BF-8A18-65BE7795C180}
		{0E1F6D67-939B-4C00-AAF3-59E9D00D73C7} = {FF7B4B6E-108B-45BF-8A18-65BE7795C180}
		{63EFD534-A2F3-405D-87DB-A342EF654204} = {0E1F6D67-939B-4C00-AAF3-59E9D00D73C7}
		{2FCEEA32-95F7-4E8F-955C-C7A42E59C76B} = {0E1F6D67-939B-4C00-AAF3-59E9D00D73C7}
		{A34E58CE-F79D-46C2-A91A-A0DFC0D422C1} = {FF7B4B6E-108B-45BF-8A18-65BE7795C180}
		{28BBF354-A16B-47BE-AFF8-928447C310E4} = {FF7B4B6E-108B-45BF-8A18-65BE7795C180}
		{5CEBBA9C-BB00-498C-9B31-742EDDA01482} = {FF7B4B6E-108B-45BF-8A18-65BE7795C180}
		{DBBBF107-89A0-4E95-A334-650E234812F1} = {9BFD84DD-2E38-4755-9011-D0C05D4F7546}
		{3A9FC04E-B299-493F-9F55-B96C470884EF} = {0E1F6D67-939B-4C00-AAF3-59E9D00D73C7}
		{B71D21B1-7E01-4163-AA3C-5993E9BAE0B6} = {9BFD84DD-2E38-4755-9011-D0C05D4F7546}
		{E0B996AF-4715-4054-9C54-34B90FEB427E} = {9BFD84DD-2E38-4755-9011-D0C05D4F7546}
		{41436344-77A6-41BA-A927-1AFAE67CB8C9} = {FF7B4B6E-108B-45BF-8A18-65BE7795C180}
	EndGlobalSection
	GlobalSection(ExtensibilityGlobals) = postSolution
		SolutionGuid = {460A108C-517A-4B1D-8470-71DF81DC9131}
	EndGlobalSection
EndGlobal
